PODS:
  - BeacrewLoco (2.2.0)
  - MQTTClient (0.14.0):
    - MQTTClient/Core (= 0.14.0)
  - MQTTClient/Core (0.14.0):
    - MQTTClient/Manager
    - MQTTClient/Min
  - MQTTClient/Manager (0.14.0):
    - MQTTClient/Min
  - MQTTClient/Min (0.14.0)
  - OpenSSL-Universal (1.0.2.13)
  - Realm (2.10.2):
    - Realm/Headers (= 2.10.2)
  - Realm/Headers (2.10.2)

DEPENDENCIES:
  - BeacrewLoco (= 2.2.0)
  - MQTTClient (= 0.14.0)
  - OpenSSL-Universal (= 1.0.2.13)
  - Realm (= 2.10.2)

SPEC CHECKSUMS:
  BeacrewLoco: 29a2ce43caa90a9043e9752c7500483d5e43a65b
  MQTTClient: eea2eaaa6ddef852a1019a4dda091e22ad928b58
  OpenSSL-Universal: 401888162f11c33ebbd46f782d9229da35c61327
  Realm: 0ef72b837fb67e9f4b098bac771ddd72c7fdbb69

PODFILE CHECKSUM: 3dba2de67f2f72bb935f6e8e712c2b04d31be6a4

COCOAPODS: 1.3.1
